// !$*UTF8*$!
{
	archiveVersion = 1;
	classes = {
	};
	objectVersion = 46;
	objects = {

/* Begin PBXBuildFile section */
		CD1A6A2F1E94EB0B00208562 /* AppDelegate.swift in Sources */ = {isa = PBXBuildFile; fileRef = CD1A6A2E1E94EB0B00208562 /* AppDelegate.swift */; };
		CD1A6A311E94EB0B00208562 /* ViewController.swift in Sources */ = {isa = PBXBuildFile; fileRef = CD1A6A301E94EB0B00208562 /* ViewController.swift */; };
		CD1A6A341E94EB0B00208562 /* Main.storyboard in Resources */ = {isa = PBXBuildFile; fileRef = CD1A6A321E94EB0B00208562 /* Main.storyboard */; };
		CD1A6A361E94EB0B00208562 /* Assets.xcassets in Resources */ = {isa = PBXBuildFile; fileRef = CD1A6A351E94EB0B00208562 /* Assets.xcassets */; };
		CD1A6A391E94EB0B00208562 /* LaunchScreen.storyboard in Resources */ = {isa = PBXBuildFile; fileRef = CD1A6A371E94EB0B00208562 /* LaunchScreen.storyboard */; };
/* End PBXBuildFile section */

/* Begin PBXFileReference section */
		CD1A6A2B1E94EB0B00208562 /* TravelByMyself.app */ = {isa = PBXFileReference; explicitFileType = wrapper.application; includeInIndex = 0; path = TravelByMyself.app; sourceTree = BUILT_PRODUCTS_DIR; };
		CD1A6A2E1E94EB0B00208562 /* AppDelegate.swift */ = {isa = PBXFileReference; lastKnownFileType = sourcecode.swift; path = AppDelegate.swift; sourceTree = "<group>"; };
		CD1A6A301E94EB0B00208562 /* ViewController.swift */ = {isa = PBXFileReference; lastKnownFileType = sourcecode.swift; path = ViewController.swift; sourceTree = "<group>"; };
		CD1A6A331E94EB0B00208562 /* Base */ = {isa = PBXFileReference; lastKnownFileType = file.storyboard; name = Base; path = Base.lproj/Main.storyboard; sourceTree = "<group>"; };
		CD1A6A351E94EB0B00208562 /* Assets.xcassets */ = {isa = PBXFileReference; lastKnownFileType = folder.assetcatalog; path = Assets.xcassets; sourceTree = "<group>"; };
		CD1A6A381E94EB0B00208562 /* Base */ = {isa = PBXFileReference; lastKnownFileType = file.storyboard; name = Base; path = Base.lproj/LaunchScreen.storyboard; sourceTree = "<group>"; };
		CD1A6A3A1E94EB0B00208562 /* Info.plist */ = {isa = PBXFileReference; lastKnownFileType = text.plist.xml; path = Info.plist; sourceTree = "<group>"; };
/* End PBXFileReference section */

/* Begin PBXFrameworksBuildPhase section */
		CD1A6A281E94EB0B00208562 /* Frameworks */ = {
			isa = PBXFrameworksBuildPhase;
			buildActionMask = 2147483647;
			files = (
			);
			runOnlyForDeploymentPostprocessing = 0;
		};
/* End PBXFrameworksBuildPhase section */

/* Begin PBXGroup section */
		CD1A6A221E94EB0B00208562 = {
			isa = PBXGroup;
			children = (
				CD1A6A2D1E94EB0B00208562 /* TravelByMyself */,
				CD1A6A2C1E94EB0B00208562 /* Products */,
			);
			sourceTree = "<group>";
		};
		CD1A6A2C1E94EB0B00208562 /* Products */ = {
			isa = PBXGroup;
			children = (
				CD1A6A2B1E94EB0B00208562 /* TravelByMyself.app */,
			);
			name = Products;
			sourceTree = "<group>";
		};
		CD1A6A2D1E94EB0B00208562 /* TravelByMyself */ = {
			isa = PBXGroup;
			children = (
				CD1A6A2E1E94EB0B00208562 /* AppDelegate.swift */,
				CD1A6A301E94EB0B00208562 /* ViewController.swift */,
				CD1A6A321E94EB0B00208562 /* Main.storyboard */,
				CD1A6A351E94EB0B00208562 /* Assets.xcassets */,
				CD1A6A371E94EB0B00208562 /* LaunchScreen.storyboard */,
				CD1A6A3A1E94EB0B00208562 /* Info.plist */,
			);
			path = TravelByMyself;
			sourceTree = "<group>";
		};
/* End PBXGroup section */

/* Begin PBXNativeTarget section */
		CD1A6A2A1E94EB0B00208562 /* TravelByMyself */ = {
			isa = PBXNativeTarget;
			buildConfigurationList = CD1A6A3D1E94EB0B00208562 /* Build configuration list for PBXNativeTarget "TravelByMyself" */;
			buildPhases = (
				CD1A6A271E94EB0B00208562 /* Sources */,
				CD1A6A281E94EB0B00208562 /* Frameworks */,
				CD1A6A291E94EB0B00208562 /* Resources */,
			);
			buildRules = (
			);
			dependencies = (
			);
			name = TravelByMyself;
			productName = TravelByMyself;
			productReference = CD1A6A2B1E94EB0B00208562 /* TravelByMyself.app */;
			productType = "com.apple.product-type.application";
		};
/* End PBXNativeTarget section */

/* Begin PBXProject section */
		CD1A6A231E94EB0B00208562 /* Project object */ = {
			isa = PBXProject;
			attributes = {
				LastSwiftUpdateCheck = 0830;
				LastUpgradeCheck = 0830;
				ORGANIZATIONNAME = "Arwin Tsai";
				TargetAttributes = {
					CD1A6A2A1E94EB0B00208562 = {
						CreatedOnToolsVersion = 8.3;
						DevelopmentTeam = M4TPR8S3MU;
						ProvisioningStyle = Automatic;
					};
				};
			};
			buildConfigurationList = CD1A6A261E94EB0B00208562 /* Build configuration list for PBXProject "TravelByMyself" */;
			compatibilityVersion = "Xcode 3.2";
			developmentRegion = English;
			hasScannedForEncodings = 0;
			knownRegions = (
				en,
				Base,
			);
			mainGroup = CD1A6A221E94EB0B00208562;
			productRefGroup = CD1A6A2C1E94EB0B00208562 /* Products */;
			projectDirPath = "";
			projectRoot = "";
			targets = (
				CD1A6A2A1E94EB0B00208562 /* TravelByMyself */,
			);
		};
/* End PBXProject section */

/* Begin PBXResourcesBuildPhase section */
		CD1A6A291E94EB0B00208562 /* Resources */ = {
			isa = PBXResourcesBuildPhase;
			buildActionMask = 2147483647;
			files = (
				CD1A6A391E94EB0B00208562 /* LaunchScreen.storyboard in Resources */,
				CD1A6A361E94EB0B00208562 /* Assets.xcassets in Resources */,
				CD1A6A341E94EB0B00208562 /* Main.storyboard in Resources */,
			);
			runOnlyForDeploymentPostprocessing = 0;
		};
/* End PBXResourcesBuildPhase section */

/* Begin PBXSourcesBuildPhase section */
		CD1A6A271E94EB0B00208562 /* Sources */ = {
			isa = PBXSourcesBuildPhase;
			buildActionMask = 2147483647;
			files = (
				CD1A6A311E94EB0B00208562 /* ViewController.swift in Sources */,
				CD1A6A2F1E94EB0B00208562 /* AppDelegate.swift in Sources */,
			);
			runOnlyForDeploymentPostprocessing = 0;
		};
/* End PBXSourcesBuildPhase section */

/* Begin PBXVariantGroup section */
		CD1A6A321E94EB0B00208562 /* Main.storyboard */ = {
			isa = PBXVariantGroup;
			children = (
				CD1A6A331E94EB0B00208562 /* Base */,
			);
			name = Main.storyboard;
			sourceTree = "<group>";
		};
		CD1A6A371E94EB0B00208562 /* LaunchScreen.storyboard */ = {
			isa = PBXVariantGroup;
			children = (
				CD1A6A381E94EB0B00208562 /* Base */,
			);
			name = LaunchScreen.storyboard;
			sourceTree = "<group>";
		};
/* End PBXVariantGroup section */

/* Begin XCBuildConfiguration section */
		CD1A6A3B1E94EB0B00208562 /* Debug */ = {
			isa = XCBuildConfiguration;
			buildSettings = {
				ALWAYS_SEARCH_USER_PATHS = NO;
				CLANG_ANALYZER_NONNULL = YES;
				CLANG_ANALYZER_NUMBER_OBJECT_CONVERSION = YES_AGGRESSIVE;
				CLANG_CXX_LANGUAGE_STANDARD = "gnu++0x";
				CLANG_CXX_LIBRARY = "libc++";
				CLANG_ENABLE_MODULES = YES;
				CLANG_ENABLE_OBJC_ARC = YES;
				CLANG_WARN_BOOL_CONVERSION = YES;
				CLANG_WARN_CONSTANT_CONVERSION = YES;
				CLANG_WARN_DIRECT_OBJC_ISA_USAGE = YES_ERROR;
				CLANG_WARN_DOCUMENTATION_COMMENTS = YES;
				CLANG_WARN_EMPTY_BODY = YES;
				CLANG_WARN_ENUM_CONVERSION = YES;
				CLANG_WARN_INFINITE_RECURSION = YES;
				CLANG_WARN_INT_CONVERSION = YES;
				CLANG_WARN_OBJC_ROOT_CLASS = YES_ERROR;
				CLANG_WARN_SUSPICIOUS_MOVE = YES;
				CLANG_WARN_UNREACHABLE_CODE = YES;
				CLANG_WARN__DUPLICATE_METHOD_MATCH = YES;
				"CODE_SIGN_IDENTITY[sdk=iphoneos*]" = "iPhone Developer";
				COPY_PHASE_STRIP = NO;
				DEBUG_INFORMATION_FORMAT = dwarf;
				ENABLE_STRICT_OBJC_MSGSEND = YES;
				ENABLE_TESTABILITY = YES;
				GCC_C_LANGUAGE_STANDARD = gnu99;
				GCC_DYNAMIC_NO_PIC = NO;
				GCC_NO_COMMON_BLOCKS = YES;
				GCC_OPTIMIZATION_LEVEL = 0;
				GCC_PREPROCESSOR_DEFINITIONS = (
					"DEBUG=1",
					"$(inherited)",
				);
				GCC_WARN_64_TO_32_BIT_CONVERSION = YES;
				GCC_WARN_ABOUT_RETURN_TYPE = YES_ERROR;
				GCC_WARN_UNDECLARED_SELECTOR = YES;
				GCC_WARN_UNINITIALIZED_AUTOS = YES_AGGRESSIVE;
				GCC_WARN_UNUSED_FUNCTION = YES;
				GCC_WARN_UNUSED_VARIABLE = YES;
				IPHONEOS_DEPLOYMENT_TARGET = 10.3;
				MTL_ENABLE_DEBUG_INFO = YES;
				ONLY_ACTIVE_ARCH = YES;
				SDKROOT = iphoneos;
				SWIFT_ACTIVE_COMPILATION_CONDITIONS = DEBUG;
				SWIFT_OPTIMIZATION_LEVEL = "-Onone";
				TARGETED_DEVICE_FAMILY = "1,2";
			};
			name = Debug;
		};
		CD1A6A3C1E94EB0B00208562 /* Release */ = {
			isa = XCBuildConfiguration;
			buildSettings = {
				ALWAYS_SEARCH_USER_PATHS = NO;
				CLANG_ANALYZER_NONNULL = YES;
				CLANG_ANALYZER_NUMBER_OBJECT_CONVERSION = YES_AGGRESSIVE;
				CLANG_CXX_LANGUAGE_STANDARD = "gnu++0x";
				CLANG_CXX_LIBRARY = "libc++";
				CLANG_ENABLE_MODULES = YES;
				CLANG_ENABLE_OBJC_ARC = YES;
				CLANG_WARN_BOOL_CONVERSION = YES;
				CLANG_WARN_CONSTANT_CONVERSION = YES;
				CLANG_WARN_DIRECT_OBJC_ISA_USAGE = YES_ERROR;
				CLANG_WARN_DOCUMENTATION_COMMENTS = YES;
				CLANG_WARN_EMPTY_BODY = YES;
				CLANG_WARN_ENUM_CONVERSION = YES;
				CLANG_WARN_INFINITE_RECURSION = YES;
				CLANG_WARN_INT_CONVERSION = YES;
				CLANG_WARN_OBJC_ROOT_CLASS = YES_ERROR;
				CLANG_WARN_SUSPICIOUS_MOVE = YES;
				CLANG_WARN_UNREACHABLE_CODE = YES;
				CLANG_WARN__DUPLICATE_METHOD_MATCH = YES;
				"CODE_SIGN_IDENTITY[sdk=iphoneos*]" = "iPhone Developer";
				COPY_PHASE_STRIP = NO;
				DEBUG_INFORMATION_FORMAT = "dwarf-with-dsym";
				ENABLE_NS_ASSERTIONS = NO;
				ENABLE_STRICT_OBJC_MSGSEND = YES;
				GCC_C_LANGUAGE_STANDARD = gnu99;
				GCC_NO_COMMON_BLOCKS = YES;
				GCC_WARN_64_TO_32_BIT_CONVERSION = YES;
				GCC_WARN_ABOUT_RETURN_TYPE = YES_ERROR;
				GCC_WARN_UNDECLARED_SELECTOR = YES;
				GCC_WARN_UNINITIALIZED_AUTOS = YES_AGGRESSIVE;
				GCC_WARN_UNUSED_FUNCTION = YES;
				GCC_WARN_UNUSED_VARIABLE = YES;
				IPHONEOS_DEPLOYMENT_TARGET = 10.3;
				MTL_ENABLE_DEBUG_INFO = NO;
				SDKROOT = iphoneos;
				SWIFT_OPTIMIZATION_LEVEL = "-Owholemodule";
				TARGETED_DEVICE_FAMILY = "1,2";
				VALIDATE_PRODUCT = YES;
			};
			name = Release;
		};
		CD1A6A3E1E94EB0B00208562 /* Debug */ = {
			isa = XCBuildConfiguration;
			buildSettings = {
				ASSETCATALOG_COMPILER_APPICON_NAME = AppIcon;
				DEVELOPMENT_TEAM = M4TPR8S3MU;
				INFOPLIST_FILE = TravelByMyself/Info.plist;
				LD_RUNPATH_SEARCH_PATHS = "$(inherited) @executable_path/Frameworks";
				PRODUCT_BUNDLE_IDENTIFIER = tw.com.arwin.TravelByMyself;
				PRODUCT_NAME = "$(TARGET_NAME)";
				SWIFT_VERSION = 3.0;
			};
			name = Debug;
		};
		CD1A6A3F1E94EB0B00208562 /* Release */ = {
			isa = XCBuildConfiguration;
			buildSettings = {
				ASSETCATALOG_COMPILER_APPICON_NAME = AppIcon;
				DEVELOPMENT_TEAM = M4TPR8S3MU;
				INFOPLIST_FILE = TravelByMyself/Info.plist;
				LD_RUNPATH_SEARCH_PATHS = "$(inherited) @executable_path/Frameworks";
				PRODUCT_BUNDLE_IDENTIFIER = tw.com.arwin.TravelByMyself;
				PRODUCT_NAME = "$(TARGET_NAME)";
				SWIFT_VERSION = 3.0;
			};
			name = Release;
		};
/* End XCBuildConfiguration section */

/* Begin XCConfigurationList section */
		CD1A6A261E94EB0B00208562 /* Build configuration list for PBXProject "TravelByMyself" */ = {
			isa = XCConfigurationList;
			buildConfigurations = (
				CD1A6A3B1E94EB0B00208562 /* Debug */,
				CD1A6A3C1E94EB0B00208562 /* Release */,
			);
			defaultConfigurationIsVisible = 0;
			defaultConfigurationName = Release;
		};
		CD1A6A3D1E94EB0B00208562 /* Build configuration list for PBXNativeTarget "TravelByMyself" */ = {
			isa = XCConfigurationList;
			buildConfigurations = (
				CD1A6A3E1E94EB0B00208562 /* Debug */,
				CD1A6A3F1E94EB0B00208562 /* Release */,
			);
			defaultConfigurationIsVisible = 0;
		};
/* End XCConfigurationList section */
	};
	rootObject = CD1A6A231E94EB0B00208562 /* Project object */;
}
